// !$*UTF8*$!
{
	archiveVersion = 1;
	classes = {
	};
	objectVersion = 50;
	objects = {

/* Begin PBXBuildFile section */
		181B6D5122C50C7B0090F5C4 /* AppDelegate.swift in Sources */ = {isa = PBXBuildFile; fileRef = 181B6D5022C50C7B0090F5C4 /* AppDelegate.swift */; };
		181B6D5322C50C7B0090F5C4 /* ViewController.swift in Sources */ = {isa = PBXBuildFile; fileRef = 181B6D5222C50C7B0090F5C4 /* ViewController.swift */; };
		181B6D5622C50C7B0090F5C4 /* Main.storyboard in Resources */ = {isa = PBXBuildFile; fileRef = 181B6D5422C50C7B0090F5C4 /* Main.storyboard */; };
		181B6D5822C50C7C0090F5C4 /* Assets.xcassets in Resources */ = {isa = PBXBuildFile; fileRef = 181B6D5722C50C7C0090F5C4 /* Assets.xcassets */; };
		181B6D5B22C50C7C0090F5C4 /* LaunchScreen.storyboard in Resources */ = {isa = PBXBuildFile; fileRef = 181B6D5922C50C7C0090F5C4 /* LaunchScreen.storyboard */; };
		181B6D6622C50C7C0090F5C4 /* viewPickertestTests.swift in Sources */ = {isa = PBXBuildFile; fileRef = 181B6D6522C50C7C0090F5C4 /* viewPickertestTests.swift */; };
		181B6D7122C50C7C0090F5C4 /* viewPickertestUITests.swift in Sources */ = {isa = PBXBuildFile; fileRef = 181B6D7022C50C7C0090F5C4 /* viewPickertestUITests.swift */; };
/* End PBXBuildFile section */

/* Begin PBXContainerItemProxy section */
		181B6D6222C50C7C0090F5C4 /* PBXContainerItemProxy */ = {
			isa = PBXContainerItemProxy;
			containerPortal = 181B6D4522C50C7B0090F5C4 /* Project object */;
			proxyType = 1;
			remoteGlobalIDString = 181B6D4C22C50C7B0090F5C4;
			remoteInfo = viewPickertest;
		};
		181B6D6D22C50C7C0090F5C4 /* PBXContainerItemProxy */ = {
			isa = PBXContainerItemProxy;
			containerPortal = 181B6D4522C50C7B0090F5C4 /* Project object */;
			proxyType = 1;
			remoteGlobalIDString = 181B6D4C22C50C7B0090F5C4;
			remoteInfo = viewPickertest;
		};
/* End PBXContainerItemProxy section */

/* Begin PBXFileReference section */
		181B6D4D22C50C7B0090F5C4 /* viewPickertest.app */ = {isa = PBXFileReference; explicitFileType = wrapper.application; includeInIndex = 0; path = viewPickertest.app; sourceTree = BUILT_PRODUCTS_DIR; };
		181B6D5022C50C7B0090F5C4 /* AppDelegate.swift */ = {isa = PBXFileReference; lastKnownFileType = sourcecode.swift; path = AppDelegate.swift; sourceTree = "<group>"; };
		181B6D5222C50C7B0090F5C4 /* ViewController.swift */ = {isa = PBXFileReference; lastKnownFileType = sourcecode.swift; path = ViewController.swift; sourceTree = "<group>"; };
		181B6D5522C50C7B0090F5C4 /* Base */ = {isa = PBXFileReference; lastKnownFileType = file.storyboard; name = Base; path = Base.lproj/Main.storyboard; sourceTree = "<group>"; };
		181B6D5722C50C7C0090F5C4 /* Assets.xcassets */ = {isa = PBXFileReference; lastKnownFileType = folder.assetcatalog; path = Assets.xcassets; sourceTree = "<group>"; };
		181B6D5A22C50C7C0090F5C4 /* Base */ = {isa = PBXFileReference; lastKnownFileType = file.storyboard; name = Base; path = Base.lproj/LaunchScreen.storyboard; sourceTree = "<group>"; };
		181B6D5C22C50C7C0090F5C4 /* Info.plist */ = {isa = PBXFileReference; lastKnownFileType = text.plist.xml; path = Info.plist; sourceTree = "<group>"; };
		181B6D6122C50C7C0090F5C4 /* viewPickertestTests.xctest */ = {isa = PBXFileReference; explicitFileType = wrapper.cfbundle; includeInIndex = 0; path = viewPickertestTests.xctest; sourceTree = BUILT_PRODUCTS_DIR; };
		181B6D6522C50C7C0090F5C4 /* viewPickertestTests.swift */ = {isa = PBXFileReference; lastKnownFileType = sourcecode.swift; path = viewPickertestTests.swift; sourceTree = "<group>"; };
		181B6D6722C50C7C0090F5C4 /* Info.plist */ = {isa = PBXFileReference; lastKnownFileType = text.plist.xml; path = Info.plist; sourceTree = "<group>"; };
		181B6D6C22C50C7C0090F5C4 /* viewPickertestUITests.xctest */ = {isa = PBXFileReference; explicitFileType = wrapper.cfbundle; includeInIndex = 0; path = viewPickertestUITests.xctest; sourceTree = BUILT_PRODUCTS_DIR; };
		181B6D7022C50C7C0090F5C4 /* viewPickertestUITests.swift */ = {isa = PBXFileReference; lastKnownFileType = sourcecode.swift; path = viewPickertestUITests.swift; sourceTree = "<group>"; };
		181B6D7222C50C7C0090F5C4 /* Info.plist */ = {isa = PBXFileReference; lastKnownFileType = text.plist.xml; path = Info.plist; sourceTree = "<group>"; };
/* End PBXFileReference section */

/* Begin PBXFrameworksBuildPhase section */
		181B6D4A22C50C7B0090F5C4 /* Frameworks */ = {
			isa = PBXFrameworksBuildPhase;
			buildActionMask = 2147483647;
			files = (
			);
			runOnlyForDeploymentPostprocessing = 0;
		};
		181B6D5E22C50C7C0090F5C4 /* Frameworks */ = {
			isa = PBXFrameworksBuildPhase;
			buildActionMask = 2147483647;
			files = (
			);
			runOnlyForDeploymentPostprocessing = 0;
		};
		181B6D6922C50C7C0090F5C4 /* Frameworks */ = {
			isa = PBXFrameworksBuildPhase;
			buildActionMask = 2147483647;
			files = (
			);
			runOnlyForDeploymentPostprocessing = 0;
		};
/* End PBXFrameworksBuildPhase section */

/* Begin PBXGroup section */
		181B6D4422C50C7B0090F5C4 = {
			isa = PBXGroup;
			children = (
				181B6D4F22C50C7B0090F5C4 /* viewPickertest */,
				181B6D6422C50C7C0090F5C4 /* viewPickertestTests */,
				181B6D6F22C50C7C0090F5C4 /* viewPickertestUITests */,
				181B6D4E22C50C7B0090F5C4 /* Products */,
			);
			sourceTree = "<group>";
		};
		181B6D4E22C50C7B0090F5C4 /* Products */ = {
			isa = PBXGroup;
			children = (
				181B6D4D22C50C7B0090F5C4 /* viewPickertest.app */,
				181B6D6122C50C7C0090F5C4 /* viewPickertestTests.xctest */,
				181B6D6C22C50C7C0090F5C4 /* viewPickertestUITests.xctest */,
			);
			name = Products;
			sourceTree = "<group>";
		};
		181B6D4F22C50C7B0090F5C4 /* viewPickertest */ = {
			isa = PBXGroup;
			children = (
				181B6D5022C50C7B0090F5C4 /* AppDelegate.swift */,
				181B6D5222C50C7B0090F5C4 /* ViewController.swift */,
				181B6D5422C50C7B0090F5C4 /* Main.storyboard */,
				181B6D5722C50C7C0090F5C4 /* Assets.xcassets */,
				181B6D5922C50C7C0090F5C4 /* LaunchScreen.storyboard */,
				181B6D5C22C50C7C0090F5C4 /* Info.plist */,
			);
			path = viewPickertest;
			sourceTree = "<group>";
		};
		181B6D6422C50C7C0090F5C4 /* viewPickertestTests */ = {
			isa = PBXGroup;
			children = (
				181B6D6522C50C7C0090F5C4 /* viewPickertestTests.swift */,
				181B6D6722C50C7C0090F5C4 /* Info.plist */,
			);
			path = viewPickertestTests;
			sourceTree = "<group>";
		};
		181B6D6F22C50C7C0090F5C4 /* viewPickertestUITests */ = {
			isa = PBXGroup;
			children = (
				181B6D7022C50C7C0090F5C4 /* viewPickertestUITests.swift */,
				181B6D7222C50C7C0090F5C4 /* Info.plist */,
			);
			path = viewPickertestUITests;
			sourceTree = "<group>";
		};
/* End PBXGroup section */

/* Begin PBXNativeTarget section */
		181B6D4C22C50C7B0090F5C4 /* viewPickertest */ = {
			isa = PBXNativeTarget;
			buildConfigurationList = 181B6D7522C50C7C0090F5C4 /* Build configuration list for PBXNativeTarget "viewPickertest" */;
			buildPhases = (
				181B6D4922C50C7B0090F5C4 /* Sources */,
				181B6D4A22C50C7B0090F5C4 /* Frameworks */,
				181B6D4B22C50C7B0090F5C4 /* Resources */,
			);
			buildRules = (
			);
			dependencies = (
			);
			name = viewPickertest;
			productName = viewPickertest;
			productReference = 181B6D4D22C50C7B0090F5C4 /* viewPickertest.app */;
			productType = "com.apple.product-type.application";
		};
		181B6D6022C50C7C0090F5C4 /* viewPickertestTests */ = {
			isa = PBXNativeTarget;
			buildConfigurationList = 181B6D7822C50C7C0090F5C4 /* Build configuration list for PBXNativeTarget "viewPickertestTests" */;
			buildPhases = (
				181B6D5D22C50C7C0090F5C4 /* Sources */,
				181B6D5E22C50C7C0090F5C4 /* Frameworks */,
				181B6D5F22C50C7C0090F5C4 /* Resources */,
			);
			buildRules = (
			);
			dependencies = (
				181B6D6322C50C7C0090F5C4 /* PBXTargetDependency */,
			);
			name = viewPickertestTests;
			productName = viewPickertestTests;
			productReference = 181B6D6122C50C7C0090F5C4 /* viewPickertestTests.xctest */;
			productType = "com.apple.product-type.bundle.unit-test";
		};
		181B6D6B22C50C7C0090F5C4 /* viewPickertestUITests */ = {
			isa = PBXNativeTarget;
			buildConfigurationList = 181B6D7B22C50C7C0090F5C4 /* Build configuration list for PBXNativeTarget "viewPickertestUITests" */;
			buildPhases = (
				181B6D6822C50C7C0090F5C4 /* Sources */,
				181B6D6922C50C7C0090F5C4 /* Frameworks */,
				181B6D6A22C50C7C0090F5C4 /* Resources */,
			);
			buildRules = (
			);
			dependencies = (
				181B6D6E22C50C7C0090F5C4 /* PBXTargetDependency */,
			);
			name = viewPickertestUITests;
			productName = viewPickertestUITests;
			productReference = 181B6D6C22C50C7C0090F5C4 /* viewPickertestUITests.xctest */;
			productType = "com.apple.product-type.bundle.ui-testing";
		};
/* End PBXNativeTarget section */

/* Begin PBXProject section */
		181B6D4522C50C7B0090F5C4 /* Project object */ = {
			isa = PBXProject;
			attributes = {
				LastSwiftUpdateCheck = 1020;
				LastUpgradeCheck = 1020;
				ORGANIZATIONNAME = Apple;
				TargetAttributes = {
					181B6D4C22C50C7B0090F5C4 = {
						CreatedOnToolsVersion = 10.2.1;
					};
					181B6D6022C50C7C0090F5C4 = {
						CreatedOnToolsVersion = 10.2.1;
						TestTargetID = 181B6D4C22C50C7B0090F5C4;
					};
					181B6D6B22C50C7C0090F5C4 = {
						CreatedOnToolsVersion = 10.2.1;
						TestTargetID = 181B6D4C22C50C7B0090F5C4;
					};
				};
			};
			buildConfigurationList = 181B6D4822C50C7B0090F5C4 /* Build configuration list for PBXProject "viewPickertest" */;
			compatibilityVersion = "Xcode 9.3";
			developmentRegion = en;
			hasScannedForEncodings = 0;
			knownRegions = (
				en,
				Base,
			);
			mainGroup = 181B6D4422C50C7B0090F5C4;
			productRefGroup = 181B6D4E22C50C7B0090F5C4 /* Products */;
			projectDirPath = "";
			projectRoot = "";
			targets = (
				181B6D4C22C50C7B0090F5C4 /* viewPickertest */,
				181B6D6022C50C7C0090F5C4 /* viewPickertestTests */,
				181B6D6B22C50C7C0090F5C4 /* viewPickertestUITests */,
			);
		};
/* End PBXProject section */

/* Begin PBXResourcesBuildPhase section */
		181B6D4B22C50C7B0090F5C4 /* Resources */ = {
			isa = PBXResourcesBuildPhase;
			buildActionMask = 2147483647;
			files = (
				181B6D5B22C50C7C0090F5C4 /* LaunchScreen.storyboard in Resources */,
				181B6D5822C50C7C0090F5C4 /* Assets.xcassets in Resources */,
				181B6D5622C50C7B0090F5C4 /* Main.storyboard in Resources */,
			);
			runOnlyForDeploymentPostprocessing = 0;
		};
		181B6D5F22C50C7C0090F5C4 /* Resources */ = {
			isa = PBXResourcesBuildPhase;
			buildActionMask = 2147483647;
			files = (
			);
			runOnlyForDeploymentPostprocessing = 0;
		};
		181B6D6A22C50C7C0090F5C4 /* Resources */ = {
			isa = PBXResourcesBuildPhase;
			buildActionMask = 2147483647;
			files = (
			);
			runOnlyForDeploymentPostprocessing = 0;
		};
/* End PBXResourcesBuildPhase section */

/* Begin PBXSourcesBuildPhase section */
		181B6D4922C50C7B0090F5C4 /* Sources */ = {
			isa = PBXSourcesBuildPhase;
			buildActionMask = 2147483647;
			files = (
				181B6D5322C50C7B0090F5C4 /* ViewController.swift in Sources */,
				181B6D5122C50C7B0090F5C4 /* AppDelegate.swift in Sources */,
			);
			runOnlyForDeploymentPostprocessing = 0;
		};
		181B6D5D22C50C7C0090F5C4 /* Sources */ = {
			isa = PBXSourcesBuildPhase;
			buildActionMask = 2147483647;
			files = (
				181B6D6622C50C7C0090F5C4 /* viewPickertestTests.swift in Sources */,
			);
			runOnlyForDeploymentPostprocessing = 0;
		};
		181B6D6822C50C7C0090F5C4 /* Sources */ = {
			isa = PBXSourcesBuildPhase;
			buildActionMask = 2147483647;
			files = (
				181B6D7122C50C7C0090F5C4 /* viewPickertestUITests.swift in Sources */,
			);
			runOnlyForDeploymentPostprocessing = 0;
		};
/* End PBXSourcesBuildPhase section */

/* Begin PBXTargetDependency section */
		181B6D6322C50C7C0090F5C4 /* PBXTargetDependency */ = {
			isa = PBXTargetDependency;
			target = 181B6D4C22C50C7B0090F5C4 /* viewPickertest */;
			targetProxy = 181B6D6222C50C7C0090F5C4 /* PBXContainerItemProxy */;
		};
		181B6D6E22C50C7C0090F5C4 /* PBXTargetDependency */ = {
			isa = PBXTargetDependency;
			target = 181B6D4C22C50C7B0090F5C4 /* viewPickertest */;
			targetProxy = 181B6D6D22C50C7C0090F5C4 /* PBXContainerItemProxy */;
		};
/* End PBXTargetDependency section */

/* Begin PBXVariantGroup section */
		181B6D5422C50C7B0090F5C4 /* Main.storyboard */ = {
			isa = PBXVariantGroup;
			children = (
				181B6D5522C50C7B0090F5C4 /* Base */,
			);
			name = Main.storyboard;
			sourceTree = "<group>";
		};
		181B6D5922C50C7C0090F5C4 /* LaunchScreen.storyboard */ = {
			isa = PBXVariantGroup;
			children = (
				181B6D5A22C50C7C0090F5C4 /* Base */,
			);
			name = LaunchScreen.storyboard;
			sourceTree = "<group>";
		};
/* End PBXVariantGroup section */

/* Begin XCBuildConfiguration section */
		181B6D7322C50C7C0090F5C4 /* Debug */ = {
			isa = XCBuildConfiguration;
			buildSettings = {
				ALWAYS_SEARCH_USER_PATHS = NO;
				CLANG_ANALYZER_NONNULL = YES;
				CLANG_ANALYZER_NUMBER_OBJECT_CONVERSION = YES_AGGRESSIVE;
				CLANG_CXX_LANGUAGE_STANDARD = "gnu++14";
				CLANG_CXX_LIBRARY = "libc++";
				CLANG_ENABLE_MODULES = YES;
				CLANG_ENABLE_OBJC_ARC = YES;
				CLANG_ENABLE_OBJC_WEAK = YES;
				CLANG_WARN_BLOCK_CAPTURE_AUTORELEASING = YES;
				CLANG_WARN_BOOL_CONVERSION = YES;
				CLANG_WARN_COMMA = YES;
				CLANG_WARN_CONSTANT_CONVERSION = YES;
				CLANG_WARN_DEPRECATED_OBJC_IMPLEMENTATIONS = YES;
				CLANG_WARN_DIRECT_OBJC_ISA_USAGE = YES_ERROR;
				CLANG_WARN_DOCUMENTATION_COMMENTS = YES;
				CLANG_WARN_EMPTY_BODY = YES;
				CLANG_WARN_ENUM_CONVERSION = YES;
				CLANG_WARN_INFINITE_RECURSION = YES;
				CLANG_WARN_INT_CONVERSION = YES;
				CLANG_WARN_NON_LITERAL_NULL_CONVERSION = YES;
				CLANG_WARN_OBJC_IMPLICIT_RETAIN_SELF = YES;
				CLANG_WARN_OBJC_LITERAL_CONVERSION = YES;
				CLANG_WARN_OBJC_ROOT_CLASS = YES_ERROR;
				CLANG_WARN_RANGE_LOOP_ANALYSIS = YES;
				CLANG_WARN_STRICT_PROTOTYPES = YES;
				CLANG_WARN_SUSPICIOUS_MOVE = YES;
				CLANG_WARN_UNGUARDED_AVAILABILITY = YES_AGGRESSIVE;
				CLANG_WARN_UNREACHABLE_CODE = YES;
				CLANG_WARN__DUPLICATE_METHOD_MATCH = YES;
				CODE_SIGN_IDENTITY = "iPhone Developer";
				COPY_PHASE_STRIP = NO;
				DEBUG_INFORMATION_FORMAT = dwarf;
				ENABLE_STRICT_OBJC_MSGSEND = YES;
				ENABLE_TESTABILITY = YES;
				GCC_C_LANGUAGE_STANDARD = gnu11;
				GCC_DYNAMIC_NO_PIC = NO;
				GCC_NO_COMMON_BLOCKS = YES;
				GCC_OPTIMIZATION_LEVEL = 0;
				GCC_PREPROCESSOR_DEFINITIONS = (
					"DEBUG=1",
					"$(inherited)",
				);
				GCC_WARN_64_TO_32_BIT_CONVERSION = YES;
				GCC_WARN_ABOUT_RETURN_TYPE = YES_ERROR;
				GCC_WARN_UNDECLARED_SELECTOR = YES;
				GCC_WARN_UNINITIALIZED_AUTOS = YES_AGGRESSIVE;
				GCC_WARN_UNUSED_FUNCTION = YES;
				GCC_WARN_UNUSED_VARIABLE = YES;
				IPHONEOS_DEPLOYMENT_TARGET = 12.2;
				MTL_ENABLE_DEBUG_INFO = INCLUDE_SOURCE;
				MTL_FAST_MATH = YES;
				ONLY_ACTIVE_ARCH = YES;
				SDKROOT = iphoneos;
				SWIFT_ACTIVE_COMPILATION_CONDITIONS = DEBUG;
				SWIFT_OPTIMIZATION_LEVEL = "-Onone";
			};
			name = Debug;
		};
		181B6D7422C50C7C0090F5C4 /* Release */ = {
			isa = XCBuildConfiguration;
			buildSettings = {
				ALWAYS_SEARCH_USER_PATHS = NO;
				CLANG_ANALYZER_NONNULL = YES;
				CLANG_ANALYZER_NUMBER_OBJECT_CONVERSION = YES_AGGRESSIVE;
				CLANG_CXX_LANGUAGE_STANDARD = "gnu++14";
				CLANG_CXX_LIBRARY = "libc++";
				CLANG_ENABLE_MODULES = YES;
				CLANG_ENABLE_OBJC_ARC = YES;
				CLANG_ENABLE_OBJC_WEAK = YES;
				CLANG_WARN_BLOCK_CAPTURE_AUTORELEASING = YES;
				CLANG_WARN_BOOL_CONVERSION = YES;
				CLANG_WARN_COMMA = YES;
				CLANG_WARN_CONSTANT_CONVERSION = YES;
				CLANG_WARN_DEPRECATED_OBJC_IMPLEMENTATIONS = YES;
				CLANG_WARN_DIRECT_OBJC_ISA_USAGE = YES_ERROR;
				CLANG_WARN_DOCUMENTATION_COMMENTS = YES;
				CLANG_WARN_EMPTY_BODY = YES;
				CLANG_WARN_ENUM_CONVERSION = YES;
				CLANG_WARN_INFINITE_RECURSION = YES;
				CLANG_WARN_INT_CONVERSION = YES;
				CLANG_WARN_NON_LITERAL_NULL_CONVERSION = YES;
				CLANG_WARN_OBJC_IMPLICIT_RETAIN_SELF = YES;
				CLANG_WARN_OBJC_LITERAL_CONVERSION = YES;
				CLANG_WARN_OBJC_ROOT_CLASS = YES_ERROR;
				CLANG_WARN_RANGE_LOOP_ANALYSIS = YES;
				CLANG_WARN_STRICT_PROTOTYPES = YES;
				CLANG_WARN_SUSPICIOUS_MOVE = YES;
				CLANG_WARN_UNGUARDED_AVAILABILITY = YES_AGGRESSIVE;
				CLANG_WARN_UNREACHABLE_CODE = YES;
				CLANG_WARN__DUPLICATE_METHOD_MATCH = YES;
				CODE_SIGN_IDENTITY = "iPhone Developer";
				COPY_PHASE_STRIP = NO;
				DEBUG_INFORMATION_FORMAT = "dwarf-with-dsym";
				ENABLE_NS_ASSERTIONS = NO;
				ENABLE_STRICT_OBJC_MSGSEND = YES;
				GCC_C_LANGUAGE_STANDARD = gnu11;
				GCC_NO_COMMON_BLOCKS = YES;
				GCC_WARN_64_TO_32_BIT_CONVERSION = YES;
				GCC_WARN_ABOUT_RETURN_TYPE = YES_ERROR;
				GCC_WARN_UNDECLARED_SELECTOR = YES;
				GCC_WARN_UNINITIALIZED_AUTOS = YES_AGGRESSIVE;
				GCC_WARN_UNUSED_FUNCTION = YES;
				GCC_WARN_UNUSED_VARIABLE = YES;
				IPHONEOS_DEPLOYMENT_TARGET = 12.2;
				MTL_ENABLE_DEBUG_INFO = NO;
				MTL_FAST_MATH = YES;
				SDKROOT = iphoneos;
				SWIFT_COMPILATION_MODE = wholemodule;
				SWIFT_OPTIMIZATION_LEVEL = "-O";
				VALIDATE_PRODUCT = YES;
			};
			name = Release;
		};
		181B6D7622C50C7C0090F5C4 /* Debug */ = {
			isa = XCBuildConfiguration;
			buildSettings = {
				ASSETCATALOG_COMPILER_APPICON_NAME = AppIcon;
				CODE_SIGN_STYLE = Automatic;
				INFOPLIST_FILE = viewPickertest/Info.plist;
				LD_RUNPATH_SEARCH_PATHS = (
					"$(inherited)",
					"@executable_path/Frameworks",
				);
				PRODUCT_BUNDLE_IDENTIFIER = SK.viewPickertest;
				PRODUCT_NAME = "$(TARGET_NAME)";
				SWIFT_VERSION = 5.0;
				TARGETED_DEVICE_FAMILY = "1,2";
			};
			name = Debug;
		};
		181B6D7722C50C7C0090F5C4 /* Release */ = {
			isa = XCBuildConfiguration;
			buildSettings = {
				ASSETCATALOG_COMPILER_APPICON_NAME = AppIcon;
				CODE_SIGN_STYLE = Automatic;
				INFOPLIST_FILE = viewPickertest/Info.plist;
				LD_RUNPATH_SEARCH_PATHS = (
					"$(inherited)",
					"@executable_path/Frameworks",
				);
				PRODUCT_BUNDLE_IDENTIFIER = SK.viewPickertest;
				PRODUCT_NAME = "$(TARGET_NAME)";
				SWIFT_VERSION = 5.0;
				TARGETED_DEVICE_FAMILY = "1,2";
			};
			name = Release;
		};
		181B6D7922C50C7C0090F5C4 /* Debug */ = {
			isa = XCBuildConfiguration;
			buildSettings = {
				ALWAYS_EMBED_SWIFT_STANDARD_LIBRARIES = YES;
				BUNDLE_LOADER = "$(TEST_HOST)";
				CODE_SIGN_STYLE = Automatic;
				INFOPLIST_FILE = viewPickertestTests/Info.plist;
				LD_RUNPATH_SEARCH_PATHS = (
					"$(inherited)",
					"@executable_path/Frameworks",
					"@loader_path/Frameworks",
				);
				PRODUCT_BUNDLE_IDENTIFIER = SK.viewPickertestTests;
				PRODUCT_NAME = "$(TARGET_NAME)";
				SWIFT_VERSION = 5.0;
				TARGETED_DEVICE_FAMILY = "1,2";
				TEST_HOST = "$(BUILT_PRODUCTS_DIR)/viewPickertest.app/viewPickertest";
			};
			name = Debug;
		};
		181B6D7A22C50C7C0090F5C4 /* Release */ = {
			isa = XCBuildConfiguration;
			buildSettings = {
				ALWAYS_EMBED_SWIFT_STANDARD_LIBRARIES = YES;
				BUNDLE_LOADER = "$(TEST_HOST)";
				CODE_SIGN_STYLE = Automatic;
				INFOPLIST_FILE = viewPickertestTests/Info.plist;
				LD_RUNPATH_SEARCH_PATHS = (
					"$(inherited)",
					"@executable_path/Frameworks",
					"@loader_path/Frameworks",
				);
				PRODUCT_BUNDLE_IDENTIFIER = SK.viewPickertestTests;
				PRODUCT_NAME = "$(TARGET_NAME)";
				SWIFT_VERSION = 5.0;
				TARGETED_DEVICE_FAMILY = "1,2";
				TEST_HOST = "$(BUILT_PRODUCTS_DIR)/viewPickertest.app/viewPickertest";
			};
			name = Release;
		};
		181B6D7C22C50C7C0090F5C4 /* Debug */ = {
			isa = XCBuildConfiguration;
			buildSettings = {
				ALWAYS_EMBED_SWIFT_STANDARD_LIBRARIES = YES;
				CODE_SIGN_STYLE = Automatic;
				INFOPLIST_FILE = viewPickertestUITests/Info.plist;
				LD_RUNPATH_SEARCH_PATHS = (
					"$(inherited)",
					"@executable_path/Frameworks",
					"@loader_path/Frameworks",
				);
				PRODUCT_BUNDLE_IDENTIFIER = SK.viewPickertestUITests;
				PRODUCT_NAME = "$(TARGET_NAME)";
				SWIFT_VERSION = 5.0;
				TARGETED_DEVICE_FAMILY = "1,2";
				TEST_TARGET_NAME = viewPickertest;
			};
			name = Debug;
		};
		181B6D7D22C50C7C0090F5C4 /* Release */ = {
			isa = XCBuildConfiguration;
			buildSettings = {
				ALWAYS_EMBED_SWIFT_STANDARD_LIBRARIES = YES;
				CODE_SIGN_STYLE = Automatic;
				INFOPLIST_FILE = viewPickertestUITests/Info.plist;
				LD_RUNPATH_SEARCH_PATHS = (
					"$(inherited)",
					"@executable_path/Frameworks",
					"@loader_path/Frameworks",
				);
				PRODUCT_BUNDLE_IDENTIFIER = SK.viewPickertestUITests;
				PRODUCT_NAME = "$(TARGET_NAME)";
				SWIFT_VERSION = 5.0;
				TARGETED_DEVICE_FAMILY = "1,2";
				TEST_TARGET_NAME = viewPickertest;
			};
			name = Release;
		};
/* End XCBuildConfiguration section */

/* Begin XCConfigurationList section */
		181B6D4822C50C7B0090F5C4 /* Build configuration list for PBXProject "viewPickertest" */ = {
			isa = XCConfigurationList;
			buildConfigurations = (
				181B6D7322C50C7C0090F5C4 /* Debug */,
				181B6D7422C50C7C0090F5C4 /* Release */,
			);
			defaultConfigurationIsVisible = 0;
			defaultConfigurationName = Release;
		};
		181B6D7522C50C7C0090F5C4 /* Build configuration list for PBXNativeTarget "viewPickertest" */ = {
			isa = XCConfigurationList;
			buildConfigurations = (
				181B6D7622C50C7C0090F5C4 /* Debug */,
				181B6D7722C50C7C0090F5C4 /* Release */,
			);
			defaultConfigurationIsVisible = 0;
			defaultConfigurationName = Release;
		};
		181B6D7822C50C7C0090F5C4 /* Build configuration list for PBXNativeTarget "viewPickertestTests" */ = {
			isa = XCConfigurationList;
			buildConfigurations = (
				181B6D7922C50C7C0090F5C4 /* Debug */,
				181B6D7A22C50C7C0090F5C4 /* Release */,
			);
			defaultConfigurationIsVisible = 0;
			defaultConfigurationName = Release;
		};
		181B6D7B22C50C7C0090F5C4 /* Build configuration list for PBXNativeTarget "viewPickertestUITests" */ = {
			isa = XCConfigurationList;
			buildConfigurations = (
				181B6D7C22C50C7C0090F5C4 /* Debug */,
				181B6D7D22C50C7C0090F5C4 /* Release */,
			);
			defaultConfigurationIsVisible = 0;
			defaultConfigurationName = Release;
		};
/* End XCConfigurationList section */
	};
	rootObject = 181B6D4522C50C7B0090F5C4 /* Project object */;
}
